
Microsoft Visual Studio Solution File, Format Version 12.00
# Visual Studio 15
VisualStudioVersion = 15.0.27004.2010
MinimumVisualStudioVersion = 10.0.40219.1
Project("{8BC9CEB8-8B4A-11D0-8D11-00A0C91BC942}") = "DCFEMPL", "DCFEMPL\DCFEMPL.vcxproj", "{CC372F2F-0A40-4FD7-8196-9692CF9738B0}"
EndProject
Global
	GlobalSection(SolutionConfigurationPlatforms) = preSolution
		Debug|x64 = Debug|x64
		Debug|x86 = Debug|x86
		Release|x64 = Release|x64
		Release|x86 = Release|x86
	EndGlobalSection
	GlobalSection(ProjectConfigurationPlatforms) = postSolution
		{CC372F2F-0A40-4FD7-8196-9692CF9738B0}.Debug|x64.ActiveCfg = Debug|x64
		{CC372F2F-0A40-4FD7-8196-9692CF9738B0}.Debug|x64.Build.0 = Debug|x64
		{CC372F2F-0A40-4FD7-8196-9692CF9738B0}.Debug|x86.ActiveCfg = Debug|Win32
		{CC372F2F-0A40-4FD7-8196-9692CF9738B0}.Debug|x86.Build.0 = Debug|Win32
		{CC372F2F-0A40-4FD7-8196-9692CF9738B0}.Release|x64.ActiveCfg = Release|x64
		{CC372F2F-0A40-4FD7-8196-9692CF9738B0}.Release|x64.Build.0 = Release|x64
		{CC372F2F-0A40-4FD7-8196-9692CF9738B0}.Release|x86.ActiveCfg = Release|Win32
		{CC372F2F-0A40-4FD7-8196-9692CF9738B0}.Release|x86.Build.0 = Release|Win32
	EndGlobalSection
	GlobalSection(SolutionProperties) = preSolution
		HideSolutionNode = FALSE
	EndGlobalSection
	GlobalSection(ExtensibilityGlobals) = postSolution
		SolutionGuid = {B8195787-0A7D-4C02-9C85-3A73D97AABBB}
	EndGlobalSection
EndGlobal
